
Microsoft Visual Studio Solution File, Format Version 12.00
# Visual Studio Version 17
VisualStudioVersion = 17.0.31919.166
MinimumVisualStudioVersion = 10.0.40219.1
Project("{FAE04EC0-301F-11D3-BF4B-00C04F79EFBC}") = "DeliveryCoffeeBot", "DeliveryCoffeeBot\DeliveryCoffeeBot.csproj", "{165EA531-053B-4B94-842F-678E7F88AFFF}"
EndProject
Global
	GlobalSection(SolutionConfigurationPlatforms) = preSolution
		Debug|Any CPU = Debug|Any CPU
		Release|Any CPU = Release|Any CPU
	EndGlobalSection
	GlobalSection(ProjectConfigurationPlatforms) = postSolution
		{165EA531-053B-4B94-842F-678E7F88AFFF}.Debug|Any CPU.ActiveCfg = Debug|Any CPU
		{165EA531-053B-4B94-842F-678E7F88AFFF}.Debug|Any CPU.Build.0 = Debug|Any CPU
		{165EA531-053B-4B94-842F-678E7F88AFFF}.Release|Any CPU.ActiveCfg = Release|Any CPU
		{165EA531-053B-4B94-842F-678E7F88AFFF}.Release|Any CPU.Build.0 = Release|Any CPU
	EndGlobalSection
	GlobalSection(SolutionProperties) = preSolution
		HideSolutionNode = FALSE
	EndGlobalSection
	GlobalSection(ExtensibilityGlobals) = postSolution
		SolutionGuid = {84B57429-3CE4-4527-8B10-901831855F76}
	EndGlobalSection
EndGlobal
